
Microsoft Visual Studio Solution File, Format Version 12.00
# Visual Studio Version 17
VisualStudioVersion = 17.5.33424.131
MinimumVisualStudioVersion = 10.0.40219.1
Project("{FAE04EC0-301F-11D3-BF4B-00C04F79EFBC}") = "tarefa1", "tarefa1\tarefa1.csproj", "{6D64AE65-5C9A-45B6-A3C5-A021467F0804}"
EndProject
Global
	GlobalSection(SolutionConfigurationPlatforms) = preSolution
		Debug|Any CPU = Debug|Any CPU
		Release|Any CPU = Release|Any CPU
	EndGlobalSection
	GlobalSection(ProjectConfigurationPlatforms) = postSolution
		{6D64AE65-5C9A-45B6-A3C5-A021467F0804}.Debug|Any CPU.ActiveCfg = Debug|Any CPU
		{6D64AE65-5C9A-45B6-A3C5-A021467F0804}.Debug|Any CPU.Build.0 = Debug|Any CPU
		{6D64AE65-5C9A-45B6-A3C5-A021467F0804}.Release|Any CPU.ActiveCfg = Release|Any CPU
		{6D64AE65-5C9A-45B6-A3C5-A021467F0804}.Release|Any CPU.Build.0 = Release|Any CPU
	EndGlobalSection
	GlobalSection(SolutionProperties) = preSolution
		HideSolutionNode = FALSE
	EndGlobalSection
	GlobalSection(ExtensibilityGlobals) = postSolution
		SolutionGuid = {9A7AC942-7572-4113-9838-BBAD0517905C}
	EndGlobalSection
EndGlobal
